
Microsoft Visual Studio Solution File, Format Version 12.00
# Visual Studio 2012
Project("{8BC9CEB8-8B4A-11D0-8D11-00A0C91BC942}") = "EindOpdr", "EindOpdr\EindOpdr.vcxproj", "{11E0FA4D-A8FC-454A-AE7D-D42ED1C90993}"
EndProject
Global
	GlobalSection(SolutionConfigurationPlatforms) = preSolution
		Debug|Win32 = Debug|Win32
		Release|Win32 = Release|Win32
	EndGlobalSection
	GlobalSection(ProjectConfigurationPlatforms) = postSolution
		{11E0FA4D-A8FC-454A-AE7D-D42ED1C90993}.Debug|Win32.ActiveCfg = Debug|Win32
		{11E0FA4D-A8FC-454A-AE7D-D42ED1C90993}.Debug|Win32.Build.0 = Debug|Win32
		{11E0FA4D-A8FC-454A-AE7D-D42ED1C90993}.Release|Win32.ActiveCfg = Release|Win32
		{11E0FA4D-A8FC-454A-AE7D-D42ED1C90993}.Release|Win32.Build.0 = Release|Win32
	EndGlobalSection
	GlobalSection(SolutionProperties) = preSolution
		HideSolutionNode = FALSE
	EndGlobalSection
EndGlobal
